
Microsoft Visual Studio Solution File, Format Version 10.00
# Visual Studio 2008
Project("{8BC9CEB8-8B4A-11D0-8D11-00A0C91BC942}") = "lib", "lib\lib.vcproj", "{971180DC-DCB1-46A7-A93B-3317A4599405}"
EndProject
Project("{8BC9CEB8-8B4A-11D0-8D11-00A0C91BC942}") = "train", "frontend\train\train.vcproj", "{302CA988-3A1D-4D2C-9950-9CAA8DA67AAD}"
	ProjectSection(ProjectDependencies) = postProject
		{971180DC-DCB1-46A7-A93B-3317A4599405} = {971180DC-DCB1-46A7-A93B-3317A4599405}
	EndProjectSection
EndProject
Project("{8BC9CEB8-8B4A-11D0-8D11-00A0C91BC942}") = "tag", "frontend\tag\tag.vcproj", "{E0433E06-6953-4178-9BFB-F3F5DF9F671A}"
EndProject
Project("{8BC9CEB8-8B4A-11D0-8D11-00A0C91BC942}") = "train_binary_batch", "sample\train_binary_batch.vcproj", "{58590B6E-64F5-4BC5-9F3D-27B58197E335}"
EndProject
Project("{2150E333-8FDC-42A3-9474-1A3956D46DE8}") = "Sample programs", "Sample programs", "{514693AF-7849-4029-8FD6-40EC0EB6F317}"
EndProject
Project("{8BC9CEB8-8B4A-11D0-8D11-00A0C91BC942}") = "train_binary_online", "sample\train_binary_online.vcproj", "{B65A832E-4C70-4D83-9715-9B8F1FE83069}"
EndProject
Project("{8BC9CEB8-8B4A-11D0-8D11-00A0C91BC942}") = "tag_binary", "sample\tag_binary.vcproj", "{7375C155-D969-452E-B455-2285A1949641}"
EndProject
Global
	GlobalSection(SolutionConfigurationPlatforms) = preSolution
		Debug|Win32 = Debug|Win32
		Release|Win32 = Release|Win32
	EndGlobalSection
	GlobalSection(ProjectConfigurationPlatforms) = postSolution
		{971180DC-DCB1-46A7-A93B-3317A4599405}.Debug|Win32.ActiveCfg = Debug|Win32
		{971180DC-DCB1-46A7-A93B-3317A4599405}.Debug|Win32.Build.0 = Debug|Win32
		{971180DC-DCB1-46A7-A93B-3317A4599405}.Release|Win32.ActiveCfg = Release|Win32
		{971180DC-DCB1-46A7-A93B-3317A4599405}.Release|Win32.Build.0 = Release|Win32
		{302CA988-3A1D-4D2C-9950-9CAA8DA67AAD}.Debug|Win32.ActiveCfg = Debug|Win32
		{302CA988-3A1D-4D2C-9950-9CAA8DA67AAD}.Debug|Win32.Build.0 = Debug|Win32
		{302CA988-3A1D-4D2C-9950-9CAA8DA67AAD}.Release|Win32.ActiveCfg = Release|Win32
		{302CA988-3A1D-4D2C-9950-9CAA8DA67AAD}.Release|Win32.Build.0 = Release|Win32
		{E0433E06-6953-4178-9BFB-F3F5DF9F671A}.Debug|Win32.ActiveCfg = Debug|Win32
		{E0433E06-6953-4178-9BFB-F3F5DF9F671A}.Debug|Win32.Build.0 = Debug|Win32
		{E0433E06-6953-4178-9BFB-F3F5DF9F671A}.Release|Win32.ActiveCfg = Release|Win32
		{E0433E06-6953-4178-9BFB-F3F5DF9F671A}.Release|Win32.Build.0 = Release|Win32
		{58590B6E-64F5-4BC5-9F3D-27B58197E335}.Debug|Win32.ActiveCfg = Debug|Win32
		{58590B6E-64F5-4BC5-9F3D-27B58197E335}.Debug|Win32.Build.0 = Debug|Win32
		{58590B6E-64F5-4BC5-9F3D-27B58197E335}.Release|Win32.ActiveCfg = Release|Win32
		{58590B6E-64F5-4BC5-9F3D-27B58197E335}.Release|Win32.Build.0 = Release|Win32
		{B65A832E-4C70-4D83-9715-9B8F1FE83069}.Debug|Win32.ActiveCfg = Debug|Win32
		{B65A832E-4C70-4D83-9715-9B8F1FE83069}.Debug|Win32.Build.0 = Debug|Win32
		{B65A832E-4C70-4D83-9715-9B8F1FE83069}.Release|Win32.ActiveCfg = Release|Win32
		{B65A832E-4C70-4D83-9715-9B8F1FE83069}.Release|Win32.Build.0 = Release|Win32
		{7375C155-D969-452E-B455-2285A1949641}.Debug|Win32.ActiveCfg = Debug|Win32
		{7375C155-D969-452E-B455-2285A1949641}.Debug|Win32.Build.0 = Debug|Win32
		{7375C155-D969-452E-B455-2285A1949641}.Release|Win32.ActiveCfg = Release|Win32
		{7375C155-D969-452E-B455-2285A1949641}.Release|Win32.Build.0 = Release|Win32
	EndGlobalSection
	GlobalSection(SolutionProperties) = preSolution
		HideSolutionNode = FALSE
	EndGlobalSection
	GlobalSection(NestedProjects) = preSolution
		{58590B6E-64F5-4BC5-9F3D-27B58197E335} = {514693AF-7849-4029-8FD6-40EC0EB6F317}
		{B65A832E-4C70-4D83-9715-9B8F1FE83069} = {514693AF-7849-4029-8FD6-40EC0EB6F317}
		{7375C155-D969-452E-B455-2285A1949641} = {514693AF-7849-4029-8FD6-40EC0EB6F317}
	EndGlobalSection
EndGlobal
