
Microsoft Visual Studio Solution File, Format Version 10.00
# Visual Studio 2008
Project("{8BC9CEB8-8B4A-11D0-8D11-00A0C91BC942}") = "lib", "lib\lib.vcproj", "{971180DC-DCB1-46A7-A93B-3317A4599405}"
EndProject
Project("{8BC9CEB8-8B4A-11D0-8D11-00A0C91BC942}") = "frontend", "frontend\frontend.vcproj", "{F5A8D4C4-4573-4EF6-989C-8EADFB6CF267}"
	ProjectSection(ProjectDependencies) = postProject
		{971180DC-DCB1-46A7-A93B-3317A4599405} = {971180DC-DCB1-46A7-A93B-3317A4599405}
	EndProjectSection
EndProject
Global
	GlobalSection(SolutionConfigurationPlatforms) = preSolution
		Debug|Win32 = Debug|Win32
		Release|Win32 = Release|Win32
	EndGlobalSection
	GlobalSection(ProjectConfigurationPlatforms) = postSolution
		{971180DC-DCB1-46A7-A93B-3317A4599405}.Debug|Win32.ActiveCfg = Debug|Win32
		{971180DC-DCB1-46A7-A93B-3317A4599405}.Debug|Win32.Build.0 = Debug|Win32
		{971180DC-DCB1-46A7-A93B-3317A4599405}.Release|Win32.ActiveCfg = Release|Win32
		{971180DC-DCB1-46A7-A93B-3317A4599405}.Release|Win32.Build.0 = Release|Win32
		{F5A8D4C4-4573-4EF6-989C-8EADFB6CF267}.Debug|Win32.ActiveCfg = Debug|Win32
		{F5A8D4C4-4573-4EF6-989C-8EADFB6CF267}.Debug|Win32.Build.0 = Debug|Win32
		{F5A8D4C4-4573-4EF6-989C-8EADFB6CF267}.Release|Win32.ActiveCfg = Release|Win32
		{F5A8D4C4-4573-4EF6-989C-8EADFB6CF267}.Release|Win32.Build.0 = Release|Win32
	EndGlobalSection
	GlobalSection(SolutionProperties) = preSolution
		HideSolutionNode = FALSE
	EndGlobalSection
EndGlobal
